// !$*UTF8*$!
{
	archiveVersion = 1;
	classes = {
	};
	objectVersion = 55;
	objects = {

/* Begin PBXBuildFile section */
		012673A8280DBF5500A4AC68 /* SettingsModels.swift in Sources */ = {isa = PBXBuildFile; fileRef = 012673A7280DBF5500A4AC68 /* SettingsModels.swift */; };
		019E75CB27B2A8B000058722 /* AppDelegate.swift in Sources */ = {isa = PBXBuildFile; fileRef = 019E75CA27B2A8B000058722 /* AppDelegate.swift */; };
		019E75CD27B2A8B000058722 /* SceneDelegate.swift in Sources */ = {isa = PBXBuildFile; fileRef = 019E75CC27B2A8B000058722 /* SceneDelegate.swift */; };
		019E75CF27B2A8B000058722 /* HomeViewController.swift in Sources */ = {isa = PBXBuildFile; fileRef = 019E75CE27B2A8B000058722 /* HomeViewController.swift */; };
		019E75D427B2A8B200058722 /* Assets.xcassets in Resources */ = {isa = PBXBuildFile; fileRef = 019E75D327B2A8B200058722 /* Assets.xcassets */; };
		019E75D727B2A8B200058722 /* LaunchScreen.storyboard in Resources */ = {isa = PBXBuildFile; fileRef = 019E75D527B2A8B200058722 /* LaunchScreen.storyboard */; };
		019E75E427B2ACDC00058722 /* TabBarViewController.swift in Sources */ = {isa = PBXBuildFile; fileRef = 019E75E327B2ACDC00058722 /* TabBarViewController.swift */; };
		019E75E627B2ACF800058722 /* SearchViewController.swift in Sources */ = {isa = PBXBuildFile; fileRef = 019E75E527B2ACF800058722 /* SearchViewController.swift */; };
		019E75E827B2AD0600058722 /* LibraryViewController.swift in Sources */ = {isa = PBXBuildFile; fileRef = 019E75E727B2AD0600058722 /* LibraryViewController.swift */; };
		019E75EC27B2AD2800058722 /* SettingsViewController.swift in Sources */ = {isa = PBXBuildFile; fileRef = 019E75EB27B2AD2800058722 /* SettingsViewController.swift */; };
		019E75EF27B2AD4100058722 /* AuthViewController.swift in Sources */ = {isa = PBXBuildFile; fileRef = 019E75EE27B2AD4100058722 /* AuthViewController.swift */; };
		019E75F127B2AD4A00058722 /* WelcomeViewController.swift in Sources */ = {isa = PBXBuildFile; fileRef = 019E75F027B2AD4A00058722 /* WelcomeViewController.swift */; };
		019E75F327B2AD6900058722 /* PlayerViewController.swift in Sources */ = {isa = PBXBuildFile; fileRef = 019E75F227B2AD6900058722 /* PlayerViewController.swift */; };
		019E75F527B2AD7900058722 /* ProfileViewController.swift in Sources */ = {isa = PBXBuildFile; fileRef = 019E75F427B2AD7900058722 /* ProfileViewController.swift */; };
		019E75F727B2AD9D00058722 /* PlaylistViewController.swift in Sources */ = {isa = PBXBuildFile; fileRef = 019E75F627B2AD9D00058722 /* PlaylistViewController.swift */; };
		019E75F927B2ADBA00058722 /* SearchResultsViewController.swift in Sources */ = {isa = PBXBuildFile; fileRef = 019E75F827B2ADBA00058722 /* SearchResultsViewController.swift */; };
		019E75FC27B2ADF300058722 /* AuthManager.swift in Sources */ = {isa = PBXBuildFile; fileRef = 019E75FB27B2ADF300058722 /* AuthManager.swift */; };
		019E75FE27B2AE1200058722 /* APICaller.swift in Sources */ = {isa = PBXBuildFile; fileRef = 019E75FD27B2AE1200058722 /* APICaller.swift */; };
		019E760027B2AE2300058722 /* HapticsManager.swift in Sources */ = {isa = PBXBuildFile; fileRef = 019E75FF27B2AE2300058722 /* HapticsManager.swift */; };
		019E760227B2AE7000058722 /* AudioTrack.swift in Sources */ = {isa = PBXBuildFile; fileRef = 019E760127B2AE7000058722 /* AudioTrack.swift */; };
		019E760427B2AE8200058722 /* Playlist.swift in Sources */ = {isa = PBXBuildFile; fileRef = 019E760327B2AE8200058722 /* Playlist.swift */; };
		019E760627B2AEA200058722 /* Artist.swift in Sources */ = {isa = PBXBuildFile; fileRef = 019E760527B2AEA200058722 /* Artist.swift */; };
		019E760827B2AEB600058722 /* UserProfile.swift in Sources */ = {isa = PBXBuildFile; fileRef = 019E760727B2AEB600058722 /* UserProfile.swift */; };
		01A1B87B27B40599009241BE /* UIView.swift in Sources */ = {isa = PBXBuildFile; fileRef = 01A1B87A27B40599009241BE /* UIView.swift */; };
		01A1B87D27B40CF5009241BE /* Constants.swift in Sources */ = {isa = PBXBuildFile; fileRef = 01A1B87C27B40CF4009241BE /* Constants.swift */; };
		01BDAA4D281C233B00EF5AD6 /* NewReleasesResponse.swift in Sources */ = {isa = PBXBuildFile; fileRef = 01BDAA4C281C233B00EF5AD6 /* NewReleasesResponse.swift */; };
		01BDAA4F281C282500EF5AD6 /* FeaturedPlaylistsResponse.swift in Sources */ = {isa = PBXBuildFile; fileRef = 01BDAA4E281C282500EF5AD6 /* FeaturedPlaylistsResponse.swift */; };
		01BDAA51281C2B3B00EF5AD6 /* RecommnededGenresResponse.swift in Sources */ = {isa = PBXBuildFile; fileRef = 01BDAA50281C2B3B00EF5AD6 /* RecommnededGenresResponse.swift */; };
		01BDAA53281D201C00EF5AD6 /* RecommendationsResponse.swift in Sources */ = {isa = PBXBuildFile; fileRef = 01BDAA52281D201C00EF5AD6 /* RecommendationsResponse.swift */; };
		01BDAA56281D3B9F00EF5AD6 /* NewReleaseCollectionViewCell.swift in Sources */ = {isa = PBXBuildFile; fileRef = 01BDAA55281D3B9F00EF5AD6 /* NewReleaseCollectionViewCell.swift */; };
		01BDAA58281D3BDE00EF5AD6 /* FeaturedPlaylistCollectionViewCell.swift in Sources */ = {isa = PBXBuildFile; fileRef = 01BDAA57281D3BDE00EF5AD6 /* FeaturedPlaylistCollectionViewCell.swift */; };
		01BDAA5A281D3C0300EF5AD6 /* RecommendedTracksCollectionViewCell.swift in Sources */ = {isa = PBXBuildFile; fileRef = 01BDAA59281D3C0300EF5AD6 /* RecommendedTracksCollectionViewCell.swift */; };
		01BDAA5C281D5A2F00EF5AD6 /* NewReleaseCellViewModel.swift in Sources */ = {isa = PBXBuildFile; fileRef = 01BDAA5B281D5A2F00EF5AD6 /* NewReleaseCellViewModel.swift */; };
		01BDAA5E281FB27B00EF5AD6 /* FeaturedPlaylistCellViewModel.swift in Sources */ = {isa = PBXBuildFile; fileRef = 01BDAA5D281FB27B00EF5AD6 /* FeaturedPlaylistCellViewModel.swift */; };
		01BDAA60281FB2EC00EF5AD6 /* RecommendedTrackCellViewModel.swift in Sources */ = {isa = PBXBuildFile; fileRef = 01BDAA5F281FB2EC00EF5AD6 /* RecommendedTrackCellViewModel.swift */; };
		01BDAA62281FCAAA00EF5AD6 /* AlbumViewController.swift in Sources */ = {isa = PBXBuildFile; fileRef = 01BDAA61281FCAAA00EF5AD6 /* AlbumViewController.swift */; };
		01BDAA64281FD4B000EF5AD6 /* AlbumDetailsResponse.swift in Sources */ = {isa = PBXBuildFile; fileRef = 01BDAA63281FD4B000EF5AD6 /* AlbumDetailsResponse.swift */; };
		01BDAA66281FD9A900EF5AD6 /* PlaylistDetailsResponse.swift in Sources */ = {isa = PBXBuildFile; fileRef = 01BDAA65281FD9A900EF5AD6 /* PlaylistDetailsResponse.swift */; };
		01BDAA68281FED3900EF5AD6 /* PlayListHeaderCollectionReusableView.swift in Sources */ = {isa = PBXBuildFile; fileRef = 01BDAA67281FED3900EF5AD6 /* PlayListHeaderCollectionReusableView.swift */; };
		01BDAA6A281FF0A400EF5AD6 /* PlayerHeaderViewModel.swift in Sources */ = {isa = PBXBuildFile; fileRef = 01BDAA69281FF0A400EF5AD6 /* PlayerHeaderViewModel.swift */; };
		01C9A8CA27BBD80400604E46 /* AuthResponse.swift in Sources */ = {isa = PBXBuildFile; fileRef = 01C9A8C927BBD80400604E46 /* AuthResponse.swift */; };
		01CF204628106B140087BEA1 /* UIImageView.swift in Sources */ = {isa = PBXBuildFile; fileRef = 01CF204528106B140087BEA1 /* UIImageView.swift */; };
		01E9A77B2820F22F00A753F4 /* TitleHeaderCollectionReusableView.swift in Sources */ = {isa = PBXBuildFile; fileRef = 01E9A77A2820F22F00A753F4 /* TitleHeaderCollectionReusableView.swift */; };
		01E9A77D2820FD8100A753F4 /* AlbumTrackCollectionViewCell.swift in Sources */ = {isa = PBXBuildFile; fileRef = 01E9A77C2820FD8100A753F4 /* AlbumTrackCollectionViewCell.swift */; };
		01E9A77F2820FF0700A753F4 /* AlbumTrackCollectionViewCellViewModel.swift in Sources */ = {isa = PBXBuildFile; fileRef = 01E9A77E2820FF0700A753F4 /* AlbumTrackCollectionViewCellViewModel.swift */; };
		01E9A7812821006600A753F4 /* DateFormatter.swift in Sources */ = {isa = PBXBuildFile; fileRef = 01E9A7802821006600A753F4 /* DateFormatter.swift */; };
		01E9A7832821017E00A753F4 /* String.swift in Sources */ = {isa = PBXBuildFile; fileRef = 01E9A7822821017E00A753F4 /* String.swift */; };
		01E9A78528210F9600A753F4 /* GenreCollectionViewCell.swift in Sources */ = {isa = PBXBuildFile; fileRef = 01E9A78428210F9500A753F4 /* GenreCollectionViewCell.swift */; };
		01E9A7872821283C00A753F4 /* AllCategoriesResponse.swift in Sources */ = {isa = PBXBuildFile; fileRef = 01E9A7862821283C00A753F4 /* AllCategoriesResponse.swift */; };
		01E9A78928212E5F00A753F4 /* CategoryCollectionViewCellViewModel.swift in Sources */ = {isa = PBXBuildFile; fileRef = 01E9A78828212E5F00A753F4 /* CategoryCollectionViewCellViewModel.swift */; };
		01E9A78B282130DC00A753F4 /* CategoryViewController.swift in Sources */ = {isa = PBXBuildFile; fileRef = 01E9A78A282130DC00A753F4 /* CategoryViewController.swift */; };
		01E9A78D282147CB00A753F4 /* SearchResultResponse.swift in Sources */ = {isa = PBXBuildFile; fileRef = 01E9A78C282147CB00A753F4 /* SearchResultResponse.swift */; };
		01E9A78F28214A6000A753F4 /* SearchResult.swift in Sources */ = {isa = PBXBuildFile; fileRef = 01E9A78E28214A6000A753F4 /* SearchResult.swift */; };
		9CA6C3F1276792ABAF46668B /* Pods_Spotify.framework in Frameworks */ = {isa = PBXBuildFile; fileRef = FA7CE02D08BBA2C5AE3ACF5D /* Pods_Spotify.framework */; };
/* End PBXBuildFile section */

/* Begin PBXFileReference section */
		012673A7280DBF5500A4AC68 /* SettingsModels.swift */ = {isa = PBXFileReference; lastKnownFileType = sourcecode.swift; path = SettingsModels.swift; sourceTree = "<group>"; };
		019E75C727B2A8B000058722 /* Spotify.app */ = {isa = PBXFileReference; explicitFileType = wrapper.application; includeInIndex = 0; path = Spotify.app; sourceTree = BUILT_PRODUCTS_DIR; };
		019E75CA27B2A8B000058722 /* AppDelegate.swift */ = {isa = PBXFileReference; lastKnownFileType = sourcecode.swift; path = AppDelegate.swift; sourceTree = "<group>"; };
		019E75CC27B2A8B000058722 /* SceneDelegate.swift */ = {isa = PBXFileReference; lastKnownFileType = sourcecode.swift; path = SceneDelegate.swift; sourceTree = "<group>"; };
		019E75CE27B2A8B000058722 /* HomeViewController.swift */ = {isa = PBXFileReference; lastKnownFileType = sourcecode.swift; path = HomeViewController.swift; sourceTree = "<group>"; };
		019E75D327B2A8B200058722 /* Assets.xcassets */ = {isa = PBXFileReference; lastKnownFileType = folder.assetcatalog; path = Assets.xcassets; sourceTree = "<group>"; };
		019E75D627B2A8B200058722 /* Base */ = {isa = PBXFileReference; lastKnownFileType = file.storyboard; name = Base; path = Base.lproj/LaunchScreen.storyboard; sourceTree = "<group>"; };
		019E75D827B2A8B200058722 /* Info.plist */ = {isa = PBXFileReference; lastKnownFileType = text.plist.xml; path = Info.plist; sourceTree = "<group>"; };
		019E75E327B2ACDC00058722 /* TabBarViewController.swift */ = {isa = PBXFileReference; lastKnownFileType = sourcecode.swift; path = TabBarViewController.swift; sourceTree = "<group>"; };
		019E75E527B2ACF800058722 /* SearchViewController.swift */ = {isa = PBXFileReference; lastKnownFileType = sourcecode.swift; path = SearchViewController.swift; sourceTree = "<group>"; };
		019E75E727B2AD0600058722 /* LibraryViewController.swift */ = {isa = PBXFileReference; lastKnownFileType = sourcecode.swift; path = LibraryViewController.swift; sourceTree = "<group>"; };
		019E75EB27B2AD2800058722 /* SettingsViewController.swift */ = {isa = PBXFileReference; lastKnownFileType = sourcecode.swift; path = SettingsViewController.swift; sourceTree = "<group>"; };
		019E75EE27B2AD4100058722 /* AuthViewController.swift */ = {isa = PBXFileReference; lastKnownFileType = sourcecode.swift; path = AuthViewController.swift; sourceTree = "<group>"; };
		019E75F027B2AD4A00058722 /* WelcomeViewController.swift */ = {isa = PBXFileReference; lastKnownFileType = sourcecode.swift; path = WelcomeViewController.swift; sourceTree = "<group>"; };
		019E75F227B2AD6900058722 /* PlayerViewController.swift */ = {isa = PBXFileReference; lastKnownFileType = sourcecode.swift; path = PlayerViewController.swift; sourceTree = "<group>"; };
		019E75F427B2AD7900058722 /* ProfileViewController.swift */ = {isa = PBXFileReference; lastKnownFileType = sourcecode.swift; path = ProfileViewController.swift; sourceTree = "<group>"; };
		019E75F627B2AD9D00058722 /* PlaylistViewController.swift */ = {isa = PBXFileReference; lastKnownFileType = sourcecode.swift; path = PlaylistViewController.swift; sourceTree = "<group>"; };
		019E75F827B2ADBA00058722 /* SearchResultsViewController.swift */ = {isa = PBXFileReference; lastKnownFileType = sourcecode.swift; path = SearchResultsViewController.swift; sourceTree = "<group>"; };
		019E75FB27B2ADF300058722 /* AuthManager.swift */ = {isa = PBXFileReference; lastKnownFileType = sourcecode.swift; path = AuthManager.swift; sourceTree = "<group>"; };
		019E75FD27B2AE1200058722 /* APICaller.swift */ = {isa = PBXFileReference; lastKnownFileType = sourcecode.swift; path = APICaller.swift; sourceTree = "<group>"; };
		019E75FF27B2AE2300058722 /* HapticsManager.swift */ = {isa = PBXFileReference; lastKnownFileType = sourcecode.swift; path = HapticsManager.swift; sourceTree = "<group>"; };
		019E760127B2AE7000058722 /* AudioTrack.swift */ = {isa = PBXFileReference; lastKnownFileType = sourcecode.swift; path = AudioTrack.swift; sourceTree = "<group>"; };
		019E760327B2AE8200058722 /* Playlist.swift */ = {isa = PBXFileReference; lastKnownFileType = sourcecode.swift; path = Playlist.swift; sourceTree = "<group>"; };
		019E760527B2AEA200058722 /* Artist.swift */ = {isa = PBXFileReference; lastKnownFileType = sourcecode.swift; path = Artist.swift; sourceTree = "<group>"; };
		019E760727B2AEB600058722 /* UserProfile.swift */ = {isa = PBXFileReference; lastKnownFileType = sourcecode.swift; path = UserProfile.swift; sourceTree = "<group>"; };
		01A1B87A27B40599009241BE /* UIView.swift */ = {isa = PBXFileReference; lastKnownFileType = sourcecode.swift; path = UIView.swift; sourceTree = "<group>"; };
		01A1B87C27B40CF4009241BE /* Constants.swift */ = {isa = PBXFileReference; lastKnownFileType = sourcecode.swift; path = Constants.swift; sourceTree = "<group>"; };
		01BDAA4C281C233B00EF5AD6 /* NewReleasesResponse.swift */ = {isa = PBXFileReference; lastKnownFileType = sourcecode.swift; path = NewReleasesResponse.swift; sourceTree = "<group>"; };
		01BDAA4E281C282500EF5AD6 /* FeaturedPlaylistsResponse.swift */ = {isa = PBXFileReference; lastKnownFileType = sourcecode.swift; path = FeaturedPlaylistsResponse.swift; sourceTree = "<group>"; };
		01BDAA50281C2B3B00EF5AD6 /* RecommnededGenresResponse.swift */ = {isa = PBXFileReference; lastKnownFileType = sourcecode.swift; path = RecommnededGenresResponse.swift; sourceTree = "<group>"; };
		01BDAA52281D201C00EF5AD6 /* RecommendationsResponse.swift */ = {isa = PBXFileReference; lastKnownFileType = sourcecode.swift; path = RecommendationsResponse.swift; sourceTree = "<group>"; };
		01BDAA55281D3B9F00EF5AD6 /* NewReleaseCollectionViewCell.swift */ = {isa = PBXFileReference; lastKnownFileType = sourcecode.swift; path = NewReleaseCollectionViewCell.swift; sourceTree = "<group>"; };
		01BDAA57281D3BDE00EF5AD6 /* FeaturedPlaylistCollectionViewCell.swift */ = {isa = PBXFileReference; lastKnownFileType = sourcecode.swift; path = FeaturedPlaylistCollectionViewCell.swift; sourceTree = "<group>"; };
		01BDAA59281D3C0300EF5AD6 /* RecommendedTracksCollectionViewCell.swift */ = {isa = PBXFileReference; lastKnownFileType = sourcecode.swift; path = RecommendedTracksCollectionViewCell.swift; sourceTree = "<group>"; };
		01BDAA5B281D5A2F00EF5AD6 /* NewReleaseCellViewModel.swift */ = {isa = PBXFileReference; lastKnownFileType = sourcecode.swift; path = NewReleaseCellViewModel.swift; sourceTree = "<group>"; };
		01BDAA5D281FB27B00EF5AD6 /* FeaturedPlaylistCellViewModel.swift */ = {isa = PBXFileReference; lastKnownFileType = sourcecode.swift; path = FeaturedPlaylistCellViewModel.swift; sourceTree = "<group>"; };
		01BDAA5F281FB2EC00EF5AD6 /* RecommendedTrackCellViewModel.swift */ = {isa = PBXFileReference; lastKnownFileType = sourcecode.swift; path = RecommendedTrackCellViewModel.swift; sourceTree = "<group>"; };
		01BDAA61281FCAAA00EF5AD6 /* AlbumViewController.swift */ = {isa = PBXFileReference; lastKnownFileType = sourcecode.swift; path = AlbumViewController.swift; sourceTree = "<group>"; };
		01BDAA63281FD4B000EF5AD6 /* AlbumDetailsResponse.swift */ = {isa = PBXFileReference; lastKnownFileType = sourcecode.swift; path = AlbumDetailsResponse.swift; sourceTree = "<group>"; };
		01BDAA65281FD9A900EF5AD6 /* PlaylistDetailsResponse.swift */ = {isa = PBXFileReference; lastKnownFileType = sourcecode.swift; path = PlaylistDetailsResponse.swift; sourceTree = "<group>"; };
		01BDAA67281FED3900EF5AD6 /* PlayListHeaderCollectionReusableView.swift */ = {isa = PBXFileReference; lastKnownFileType = sourcecode.swift; path = PlayListHeaderCollectionReusableView.swift; sourceTree = "<group>"; };
		01BDAA69281FF0A400EF5AD6 /* PlayerHeaderViewModel.swift */ = {isa = PBXFileReference; lastKnownFileType = sourcecode.swift; path = PlayerHeaderViewModel.swift; sourceTree = "<group>"; };
		01C9A8C927BBD80400604E46 /* AuthResponse.swift */ = {isa = PBXFileReference; lastKnownFileType = sourcecode.swift; path = AuthResponse.swift; sourceTree = "<group>"; };
		01CF204528106B140087BEA1 /* UIImageView.swift */ = {isa = PBXFileReference; lastKnownFileType = sourcecode.swift; path = UIImageView.swift; sourceTree = "<group>"; };
		01E9A77A2820F22F00A753F4 /* TitleHeaderCollectionReusableView.swift */ = {isa = PBXFileReference; lastKnownFileType = sourcecode.swift; path = TitleHeaderCollectionReusableView.swift; sourceTree = "<group>"; };
		01E9A77C2820FD8100A753F4 /* AlbumTrackCollectionViewCell.swift */ = {isa = PBXFileReference; lastKnownFileType = sourcecode.swift; path = AlbumTrackCollectionViewCell.swift; sourceTree = "<group>"; };
		01E9A77E2820FF0700A753F4 /* AlbumTrackCollectionViewCellViewModel.swift */ = {isa = PBXFileReference; lastKnownFileType = sourcecode.swift; path = AlbumTrackCollectionViewCellViewModel.swift; sourceTree = "<group>"; };
		01E9A7802821006600A753F4 /* DateFormatter.swift */ = {isa = PBXFileReference; lastKnownFileType = sourcecode.swift; path = DateFormatter.swift; sourceTree = "<group>"; };
		01E9A7822821017E00A753F4 /* String.swift */ = {isa = PBXFileReference; lastKnownFileType = sourcecode.swift; path = String.swift; sourceTree = "<group>"; };
		01E9A78428210F9500A753F4 /* GenreCollectionViewCell.swift */ = {isa = PBXFileReference; lastKnownFileType = sourcecode.swift; path = GenreCollectionViewCell.swift; sourceTree = "<group>"; };
		01E9A7862821283C00A753F4 /* AllCategoriesResponse.swift */ = {isa = PBXFileReference; lastKnownFileType = sourcecode.swift; path = AllCategoriesResponse.swift; sourceTree = "<group>"; };
		01E9A78828212E5F00A753F4 /* CategoryCollectionViewCellViewModel.swift */ = {isa = PBXFileReference; lastKnownFileType = sourcecode.swift; path = CategoryCollectionViewCellViewModel.swift; sourceTree = "<group>"; };
		01E9A78A282130DC00A753F4 /* CategoryViewController.swift */ = {isa = PBXFileReference; lastKnownFileType = sourcecode.swift; path = CategoryViewController.swift; sourceTree = "<group>"; };
		01E9A78C282147CB00A753F4 /* SearchResultResponse.swift */ = {isa = PBXFileReference; lastKnownFileType = sourcecode.swift; path = SearchResultResponse.swift; sourceTree = "<group>"; };
		01E9A78E28214A6000A753F4 /* SearchResult.swift */ = {isa = PBXFileReference; lastKnownFileType = sourcecode.swift; path = SearchResult.swift; sourceTree = "<group>"; };
		43952B9981E3CDB685730808 /* Pods-Spotify.release.xcconfig */ = {isa = PBXFileReference; includeInIndex = 1; lastKnownFileType = text.xcconfig; name = "Pods-Spotify.release.xcconfig"; path = "Target Support Files/Pods-Spotify/Pods-Spotify.release.xcconfig"; sourceTree = "<group>"; };
		C1CBF8C84A9337B53E2CE9A3 /* Pods-Spotify.debug.xcconfig */ = {isa = PBXFileReference; includeInIndex = 1; lastKnownFileType = text.xcconfig; name = "Pods-Spotify.debug.xcconfig"; path = "Target Support Files/Pods-Spotify/Pods-Spotify.debug.xcconfig"; sourceTree = "<group>"; };
		FA7CE02D08BBA2C5AE3ACF5D /* Pods_Spotify.framework */ = {isa = PBXFileReference; explicitFileType = wrapper.framework; includeInIndex = 0; path = Pods_Spotify.framework; sourceTree = BUILT_PRODUCTS_DIR; };
/* End PBXFileReference section */

/* Begin PBXFrameworksBuildPhase section */
		019E75C427B2A8B000058722 /* Frameworks */ = {
			isa = PBXFrameworksBuildPhase;
			buildActionMask = 2147483647;
			files = (
				9CA6C3F1276792ABAF46668B /* Pods_Spotify.framework in Frameworks */,
			);
			runOnlyForDeploymentPostprocessing = 0;
		};
/* End PBXFrameworksBuildPhase section */

/* Begin PBXGroup section */
		019E75BE27B2A8B000058722 = {
			isa = PBXGroup;
			children = (
				019E75C927B2A8B000058722 /* Spotify */,
				019E75C827B2A8B000058722 /* Products */,
				FD7A9FD5F5426CB06E80A062 /* Pods */,
				A1CF2574424200DA1035693D /* Frameworks */,
			);
			sourceTree = "<group>";
		};
		019E75C827B2A8B000058722 /* Products */ = {
			isa = PBXGroup;
			children = (
				019E75C727B2A8B000058722 /* Spotify.app */,
			);
			name = Products;
			sourceTree = "<group>";
		};
		019E75C927B2A8B000058722 /* Spotify */ = {
			isa = PBXGroup;
			children = (
				01CF204428106AEB0087BEA1 /* Extensions */,
				019E75FA27B2ADDA00058722 /* Managers */,
				019E75E227B2A8E100058722 /* ViewModels */,
				019E75E127B2A8DB00058722 /* Models */,
				019E75E027B2A8D300058722 /* Controllers */,
				019E75DF27B2A8CC00058722 /* Views */,
				019E75DE27B2A8C500058722 /* Resources */,
				019E75D327B2A8B200058722 /* Assets.xcassets */,
				019E75D527B2A8B200058722 /* LaunchScreen.storyboard */,
				019E75D827B2A8B200058722 /* Info.plist */,
			);
			path = Spotify;
			sourceTree = "<group>";
		};
		019E75DE27B2A8C500058722 /* Resources */ = {
			isa = PBXGroup;
			children = (
				019E75CA27B2A8B000058722 /* AppDelegate.swift */,
				019E75CC27B2A8B000058722 /* SceneDelegate.swift */,
				01A1B87C27B40CF4009241BE /* Constants.swift */,
			);
			path = Resources;
			sourceTree = "<group>";
		};
		019E75DF27B2A8CC00058722 /* Views */ = {
			isa = PBXGroup;
			children = (
				01BDAA54281D3B7300EF5AD6 /* Browse */,
				01BDAA67281FED3900EF5AD6 /* PlayListHeaderCollectionReusableView.swift */,
				01E9A77A2820F22F00A753F4 /* TitleHeaderCollectionReusableView.swift */,
				01E9A77C2820FD8100A753F4 /* AlbumTrackCollectionViewCell.swift */,
				01E9A78428210F9500A753F4 /* GenreCollectionViewCell.swift */,
			);
			path = Views;
			sourceTree = "<group>";
		};
		019E75E027B2A8D300058722 /* Controllers */ = {
			isa = PBXGroup;
			children = (
				019E75EA27B2AD1600058722 /* Others */,
				019E75E927B2AD0D00058722 /* Core */,
			);
			path = Controllers;
			sourceTree = "<group>";
		};
		019E75E127B2A8DB00058722 /* Models */ = {
			isa = PBXGroup;
			children = (
				019E760127B2AE7000058722 /* AudioTrack.swift */,
				019E760327B2AE8200058722 /* Playlist.swift */,
				019E760527B2AEA200058722 /* Artist.swift */,
				019E760727B2AEB600058722 /* UserProfile.swift */,
				01BDAA63281FD4B000EF5AD6 /* AlbumDetailsResponse.swift */,
				01C9A8C927BBD80400604E46 /* AuthResponse.swift */,
				012673A7280DBF5500A4AC68 /* SettingsModels.swift */,
				01BDAA4C281C233B00EF5AD6 /* NewReleasesResponse.swift */,
				01BDAA69281FF0A400EF5AD6 /* PlayerHeaderViewModel.swift */,
				01BDAA52281D201C00EF5AD6 /* RecommendationsResponse.swift */,
				01BDAA4E281C282500EF5AD6 /* FeaturedPlaylistsResponse.swift */,
				01BDAA65281FD9A900EF5AD6 /* PlaylistDetailsResponse.swift */,
				01BDAA50281C2B3B00EF5AD6 /* RecommnededGenresResponse.swift */,
				01E9A7862821283C00A753F4 /* AllCategoriesResponse.swift */,
				01E9A78C282147CB00A753F4 /* SearchResultResponse.swift */,
				01E9A78E28214A6000A753F4 /* SearchResult.swift */,
			);
			path = Models;
			sourceTree = "<group>";
		};
		019E75E227B2A8E100058722 /* ViewModels */ = {
			isa = PBXGroup;
			children = (
				01BDAA5B281D5A2F00EF5AD6 /* NewReleaseCellViewModel.swift */,
				01BDAA5D281FB27B00EF5AD6 /* FeaturedPlaylistCellViewModel.swift */,
				01BDAA5F281FB2EC00EF5AD6 /* RecommendedTrackCellViewModel.swift */,
				01E9A77E2820FF0700A753F4 /* AlbumTrackCollectionViewCellViewModel.swift */,
				01E9A78828212E5F00A753F4 /* CategoryCollectionViewCellViewModel.swift */,
			);
			path = ViewModels;
			sourceTree = "<group>";
		};
		019E75E927B2AD0D00058722 /* Core */ = {
			isa = PBXGroup;
			children = (
				019E75CE27B2A8B000058722 /* HomeViewController.swift */,
				019E75E327B2ACDC00058722 /* TabBarViewController.swift */,
				019E75E527B2ACF800058722 /* SearchViewController.swift */,
				019E75E727B2AD0600058722 /* LibraryViewController.swift */,
			);
			path = Core;
			sourceTree = "<group>";
		};
		019E75EA27B2AD1600058722 /* Others */ = {
			isa = PBXGroup;
			children = (
				019E75EB27B2AD2800058722 /* SettingsViewController.swift */,
				019E75EE27B2AD4100058722 /* AuthViewController.swift */,
				019E75F027B2AD4A00058722 /* WelcomeViewController.swift */,
				019E75F227B2AD6900058722 /* PlayerViewController.swift */,
				019E75F427B2AD7900058722 /* ProfileViewController.swift */,
				019E75F627B2AD9D00058722 /* PlaylistViewController.swift */,
				019E75F827B2ADBA00058722 /* SearchResultsViewController.swift */,
				01BDAA61281FCAAA00EF5AD6 /* AlbumViewController.swift */,
				01E9A78A282130DC00A753F4 /* CategoryViewController.swift */,
			);
			path = Others;
			sourceTree = "<group>";
		};
		019E75FA27B2ADDA00058722 /* Managers */ = {
			isa = PBXGroup;
			children = (
				019E75FB27B2ADF300058722 /* AuthManager.swift */,
				019E75FD27B2AE1200058722 /* APICaller.swift */,
				019E75FF27B2AE2300058722 /* HapticsManager.swift */,
			);
			path = Managers;
			sourceTree = "<group>";
		};
		01BDAA54281D3B7300EF5AD6 /* Browse */ = {
			isa = PBXGroup;
			children = (
				01BDAA55281D3B9F00EF5AD6 /* NewReleaseCollectionViewCell.swift */,
				01BDAA57281D3BDE00EF5AD6 /* FeaturedPlaylistCollectionViewCell.swift */,
				01BDAA59281D3C0300EF5AD6 /* RecommendedTracksCollectionViewCell.swift */,
			);
			path = Browse;
			sourceTree = "<group>";
		};
		01CF204428106AEB0087BEA1 /* Extensions */ = {
			isa = PBXGroup;
			children = (
				01A1B87A27B40599009241BE /* UIView.swift */,
				01CF204528106B140087BEA1 /* UIImageView.swift */,
				01E9A7802821006600A753F4 /* DateFormatter.swift */,
				01E9A7822821017E00A753F4 /* String.swift */,
			);
			path = Extensions;
			sourceTree = "<group>";
		};
		A1CF2574424200DA1035693D /* Frameworks */ = {
			isa = PBXGroup;
			children = (
				FA7CE02D08BBA2C5AE3ACF5D /* Pods_Spotify.framework */,
			);
			name = Frameworks;
			sourceTree = "<group>";
		};
		FD7A9FD5F5426CB06E80A062 /* Pods */ = {
			isa = PBXGroup;
			children = (
				C1CBF8C84A9337B53E2CE9A3 /* Pods-Spotify.debug.xcconfig */,
				43952B9981E3CDB685730808 /* Pods-Spotify.release.xcconfig */,
			);
			path = Pods;
			sourceTree = "<group>";
		};
/* End PBXGroup section */

/* Begin PBXNativeTarget section */
		019E75C627B2A8B000058722 /* Spotify */ = {
			isa = PBXNativeTarget;
			buildConfigurationList = 019E75DB27B2A8B200058722 /* Build configuration list for PBXNativeTarget "Spotify" */;
			buildPhases = (
				EB59F1F36ADDA5808D5E0B90 /* [CP] Check Pods Manifest.lock */,
				019E75C327B2A8B000058722 /* Sources */,
				019E75C427B2A8B000058722 /* Frameworks */,
				019E75C527B2A8B000058722 /* Resources */,
				5095C284D3E560666FC92114 /* [CP] Embed Pods Frameworks */,
			);
			buildRules = (
			);
			dependencies = (
			);
			name = Spotify;
			productName = Spotify;
			productReference = 019E75C727B2A8B000058722 /* Spotify.app */;
			productType = "com.apple.product-type.application";
		};
/* End PBXNativeTarget section */

/* Begin PBXProject section */
		019E75BF27B2A8B000058722 /* Project object */ = {
			isa = PBXProject;
			attributes = {
				BuildIndependentTargetsInParallel = 1;
				LastSwiftUpdateCheck = 1320;
				LastUpgradeCheck = 1320;
				TargetAttributes = {
					019E75C627B2A8B000058722 = {
						CreatedOnToolsVersion = 13.2.1;
					};
				};
			};
			buildConfigurationList = 019E75C227B2A8B000058722 /* Build configuration list for PBXProject "Spotify" */;
			compatibilityVersion = "Xcode 13.0";
			developmentRegion = en;
			hasScannedForEncodings = 0;
			knownRegions = (
				en,
				Base,
			);
			mainGroup = 019E75BE27B2A8B000058722;
			productRefGroup = 019E75C827B2A8B000058722 /* Products */;
			projectDirPath = "";
			projectRoot = "";
			targets = (
				019E75C627B2A8B000058722 /* Spotify */,
			);
		};
/* End PBXProject section */

/* Begin PBXResourcesBuildPhase section */
		019E75C527B2A8B000058722 /* Resources */ = {
			isa = PBXResourcesBuildPhase;
			buildActionMask = 2147483647;
			files = (
				019E75D727B2A8B200058722 /* LaunchScreen.storyboard in Resources */,
				019E75D427B2A8B200058722 /* Assets.xcassets in Resources */,
			);
			runOnlyForDeploymentPostprocessing = 0;
		};
/* End PBXResourcesBuildPhase section */

/* Begin PBXShellScriptBuildPhase section */
		5095C284D3E560666FC92114 /* [CP] Embed Pods Frameworks */ = {
			isa = PBXShellScriptBuildPhase;
			buildActionMask = 2147483647;
			files = (
			);
			inputFileListPaths = (
				"${PODS_ROOT}/Target Support Files/Pods-Spotify/Pods-Spotify-frameworks-${CONFIGURATION}-input-files.xcfilelist",
			);
			name = "[CP] Embed Pods Frameworks";
			outputFileListPaths = (
				"${PODS_ROOT}/Target Support Files/Pods-Spotify/Pods-Spotify-frameworks-${CONFIGURATION}-output-files.xcfilelist",
			);
			runOnlyForDeploymentPostprocessing = 0;
			shellPath = /bin/sh;
			shellScript = "\"${PODS_ROOT}/Target Support Files/Pods-Spotify/Pods-Spotify-frameworks.sh\"\n";
			showEnvVarsInLog = 0;
		};
		EB59F1F36ADDA5808D5E0B90 /* [CP] Check Pods Manifest.lock */ = {
			isa = PBXShellScriptBuildPhase;
			buildActionMask = 2147483647;
			files = (
			);
			inputFileListPaths = (
			);
			inputPaths = (
				"${PODS_PODFILE_DIR_PATH}/Podfile.lock",
				"${PODS_ROOT}/Manifest.lock",
			);
			name = "[CP] Check Pods Manifest.lock";
			outputFileListPaths = (
			);
			outputPaths = (
				"$(DERIVED_FILE_DIR)/Pods-Spotify-checkManifestLockResult.txt",
			);
			runOnlyForDeploymentPostprocessing = 0;
			shellPath = /bin/sh;
			shellScript = "diff \"${PODS_PODFILE_DIR_PATH}/Podfile.lock\" \"${PODS_ROOT}/Manifest.lock\" > /dev/null\nif [ $? != 0 ] ; then\n    # print error to STDERR\n    echo \"error: The sandbox is not in sync with the Podfile.lock. Run 'pod install' or update your CocoaPods installation.\" >&2\n    exit 1\nfi\n# This output is used by Xcode 'outputs' to avoid re-running this script phase.\necho \"SUCCESS\" > \"${SCRIPT_OUTPUT_FILE_0}\"\n";
			showEnvVarsInLog = 0;
		};
/* End PBXShellScriptBuildPhase section */

/* Begin PBXSourcesBuildPhase section */
		019E75C327B2A8B000058722 /* Sources */ = {
			isa = PBXSourcesBuildPhase;
			buildActionMask = 2147483647;
			files = (
				01BDAA51281C2B3B00EF5AD6 /* RecommnededGenresResponse.swift in Sources */,
				01BDAA56281D3B9F00EF5AD6 /* NewReleaseCollectionViewCell.swift in Sources */,
				01E9A78B282130DC00A753F4 /* CategoryViewController.swift in Sources */,
				01BDAA53281D201C00EF5AD6 /* RecommendationsResponse.swift in Sources */,
				019E75F127B2AD4A00058722 /* WelcomeViewController.swift in Sources */,
				01E9A7872821283C00A753F4 /* AllCategoriesResponse.swift in Sources */,
				01BDAA60281FB2EC00EF5AD6 /* RecommendedTrackCellViewModel.swift in Sources */,
				01BDAA5E281FB27B00EF5AD6 /* FeaturedPlaylistCellViewModel.swift in Sources */,
				01A1B87D27B40CF5009241BE /* Constants.swift in Sources */,
				019E75FC27B2ADF300058722 /* AuthManager.swift in Sources */,
				01E9A78528210F9600A753F4 /* GenreCollectionViewCell.swift in Sources */,
				01BDAA5C281D5A2F00EF5AD6 /* NewReleaseCellViewModel.swift in Sources */,
				019E75F927B2ADBA00058722 /* SearchResultsViewController.swift in Sources */,
				012673A8280DBF5500A4AC68 /* SettingsModels.swift in Sources */,
				019E75E627B2ACF800058722 /* SearchViewController.swift in Sources */,
				01E9A7832821017E00A753F4 /* String.swift in Sources */,
				01E9A78F28214A6000A753F4 /* SearchResult.swift in Sources */,
				01BDAA62281FCAAA00EF5AD6 /* AlbumViewController.swift in Sources */,
				019E75E427B2ACDC00058722 /* TabBarViewController.swift in Sources */,
				019E75EC27B2AD2800058722 /* SettingsViewController.swift in Sources */,
				01BDAA66281FD9A900EF5AD6 /* PlaylistDetailsResponse.swift in Sources */,
				01E9A7812821006600A753F4 /* DateFormatter.swift in Sources */,
				019E760027B2AE2300058722 /* HapticsManager.swift in Sources */,
				019E760227B2AE7000058722 /* AudioTrack.swift in Sources */,
				01E9A78D282147CB00A753F4 /* SearchResultResponse.swift in Sources */,
				01E9A77B2820F22F00A753F4 /* TitleHeaderCollectionReusableView.swift in Sources */,
				01CF204628106B140087BEA1 /* UIImageView.swift in Sources */,
				01BDAA68281FED3900EF5AD6 /* PlayListHeaderCollectionReusableView.swift in Sources */,
				019E75CF27B2A8B000058722 /* HomeViewController.swift in Sources */,
				019E75EF27B2AD4100058722 /* AuthViewController.swift in Sources */,
				019E75F527B2AD7900058722 /* ProfileViewController.swift in Sources */,
				019E760427B2AE8200058722 /* Playlist.swift in Sources */,
				01BDAA64281FD4B000EF5AD6 /* AlbumDetailsResponse.swift in Sources */,
				019E760827B2AEB600058722 /* UserProfile.swift in Sources */,
				01A1B87B27B40599009241BE /* UIView.swift in Sources */,
				01BDAA58281D3BDE00EF5AD6 /* FeaturedPlaylistCollectionViewCell.swift in Sources */,
				019E75CB27B2A8B000058722 /* AppDelegate.swift in Sources */,
				01E9A77F2820FF0700A753F4 /* AlbumTrackCollectionViewCellViewModel.swift in Sources */,
				01BDAA5A281D3C0300EF5AD6 /* RecommendedTracksCollectionViewCell.swift in Sources */,
				019E760627B2AEA200058722 /* Artist.swift in Sources */,
				01E9A78928212E5F00A753F4 /* CategoryCollectionViewCellViewModel.swift in Sources */,
				019E75F727B2AD9D00058722 /* PlaylistViewController.swift in Sources */,
				01BDAA6A281FF0A400EF5AD6 /* PlayerHeaderViewModel.swift in Sources */,
				01E9A77D2820FD8100A753F4 /* AlbumTrackCollectionViewCell.swift in Sources */,
				019E75E827B2AD0600058722 /* LibraryViewController.swift in Sources */,
				01BDAA4D281C233B00EF5AD6 /* NewReleasesResponse.swift in Sources */,
				01BDAA4F281C282500EF5AD6 /* FeaturedPlaylistsResponse.swift in Sources */,
				019E75CD27B2A8B000058722 /* SceneDelegate.swift in Sources */,
				019E75FE27B2AE1200058722 /* APICaller.swift in Sources */,
				01C9A8CA27BBD80400604E46 /* AuthResponse.swift in Sources */,
				019E75F327B2AD6900058722 /* PlayerViewController.swift in Sources */,
			);
			runOnlyForDeploymentPostprocessing = 0;
		};
/* End PBXSourcesBuildPhase section */

/* Begin PBXVariantGroup section */
		019E75D527B2A8B200058722 /* LaunchScreen.storyboard */ = {
			isa = PBXVariantGroup;
			children = (
				019E75D627B2A8B200058722 /* Base */,
			);
			name = LaunchScreen.storyboard;
			sourceTree = "<group>";
		};
/* End PBXVariantGroup section */

/* Begin XCBuildConfiguration section */
		019E75D927B2A8B200058722 /* Debug */ = {
			isa = XCBuildConfiguration;
			buildSettings = {
				ALWAYS_SEARCH_USER_PATHS = NO;
				CLANG_ANALYZER_NONNULL = YES;
				CLANG_ANALYZER_NUMBER_OBJECT_CONVERSION = YES_AGGRESSIVE;
				CLANG_CXX_LANGUAGE_STANDARD = "gnu++17";
				CLANG_CXX_LIBRARY = "libc++";
				CLANG_ENABLE_MODULES = YES;
				CLANG_ENABLE_OBJC_ARC = YES;
				CLANG_ENABLE_OBJC_WEAK = YES;
				CLANG_WARN_BLOCK_CAPTURE_AUTORELEASING = YES;
				CLANG_WARN_BOOL_CONVERSION = YES;
				CLANG_WARN_COMMA = YES;
				CLANG_WARN_CONSTANT_CONVERSION = YES;
				CLANG_WARN_DEPRECATED_OBJC_IMPLEMENTATIONS = YES;
				CLANG_WARN_DIRECT_OBJC_ISA_USAGE = YES_ERROR;
				CLANG_WARN_DOCUMENTATION_COMMENTS = YES;
				CLANG_WARN_EMPTY_BODY = YES;
				CLANG_WARN_ENUM_CONVERSION = YES;
				CLANG_WARN_INFINITE_RECURSION = YES;
				CLANG_WARN_INT_CONVERSION = YES;
				CLANG_WARN_NON_LITERAL_NULL_CONVERSION = YES;
				CLANG_WARN_OBJC_IMPLICIT_RETAIN_SELF = YES;
				CLANG_WARN_OBJC_LITERAL_CONVERSION = YES;
				CLANG_WARN_OBJC_ROOT_CLASS = YES_ERROR;
				CLANG_WARN_QUOTED_INCLUDE_IN_FRAMEWORK_HEADER = YES;
				CLANG_WARN_RANGE_LOOP_ANALYSIS = YES;
				CLANG_WARN_STRICT_PROTOTYPES = YES;
				CLANG_WARN_SUSPICIOUS_MOVE = YES;
				CLANG_WARN_UNGUARDED_AVAILABILITY = YES_AGGRESSIVE;
				CLANG_WARN_UNREACHABLE_CODE = YES;
				CLANG_WARN__DUPLICATE_METHOD_MATCH = YES;
				COPY_PHASE_STRIP = NO;
				DEBUG_INFORMATION_FORMAT = dwarf;
				ENABLE_STRICT_OBJC_MSGSEND = YES;
				ENABLE_TESTABILITY = YES;
				GCC_C_LANGUAGE_STANDARD = gnu11;
				GCC_DYNAMIC_NO_PIC = NO;
				GCC_NO_COMMON_BLOCKS = YES;
				GCC_OPTIMIZATION_LEVEL = 0;
				GCC_PREPROCESSOR_DEFINITIONS = (
					"DEBUG=1",
					"$(inherited)",
				);
				GCC_WARN_64_TO_32_BIT_CONVERSION = YES;
				GCC_WARN_ABOUT_RETURN_TYPE = YES_ERROR;
				GCC_WARN_UNDECLARED_SELECTOR = YES;
				GCC_WARN_UNINITIALIZED_AUTOS = YES_AGGRESSIVE;
				GCC_WARN_UNUSED_FUNCTION = YES;
				GCC_WARN_UNUSED_VARIABLE = YES;
				IPHONEOS_DEPLOYMENT_TARGET = 15.2;
				MTL_ENABLE_DEBUG_INFO = INCLUDE_SOURCE;
				MTL_FAST_MATH = YES;
				ONLY_ACTIVE_ARCH = YES;
				SDKROOT = iphoneos;
				SWIFT_ACTIVE_COMPILATION_CONDITIONS = DEBUG;
				SWIFT_OPTIMIZATION_LEVEL = "-Onone";
			};
			name = Debug;
		};
		019E75DA27B2A8B200058722 /* Release */ = {
			isa = XCBuildConfiguration;
			buildSettings = {
				ALWAYS_SEARCH_USER_PATHS = NO;
				CLANG_ANALYZER_NONNULL = YES;
				CLANG_ANALYZER_NUMBER_OBJECT_CONVERSION = YES_AGGRESSIVE;
				CLANG_CXX_LANGUAGE_STANDARD = "gnu++17";
				CLANG_CXX_LIBRARY = "libc++";
				CLANG_ENABLE_MODULES = YES;
				CLANG_ENABLE_OBJC_ARC = YES;
				CLANG_ENABLE_OBJC_WEAK = YES;
				CLANG_WARN_BLOCK_CAPTURE_AUTORELEASING = YES;
				CLANG_WARN_BOOL_CONVERSION = YES;
				CLANG_WARN_COMMA = YES;
				CLANG_WARN_CONSTANT_CONVERSION = YES;
				CLANG_WARN_DEPRECATED_OBJC_IMPLEMENTATIONS = YES;
				CLANG_WARN_DIRECT_OBJC_ISA_USAGE = YES_ERROR;
				CLANG_WARN_DOCUMENTATION_COMMENTS = YES;
				CLANG_WARN_EMPTY_BODY = YES;
				CLANG_WARN_ENUM_CONVERSION = YES;
				CLANG_WARN_INFINITE_RECURSION = YES;
				CLANG_WARN_INT_CONVERSION = YES;
				CLANG_WARN_NON_LITERAL_NULL_CONVERSION = YES;
				CLANG_WARN_OBJC_IMPLICIT_RETAIN_SELF = YES;
				CLANG_WARN_OBJC_LITERAL_CONVERSION = YES;
				CLANG_WARN_OBJC_ROOT_CLASS = YES_ERROR;
				CLANG_WARN_QUOTED_INCLUDE_IN_FRAMEWORK_HEADER = YES;
				CLANG_WARN_RANGE_LOOP_ANALYSIS = YES;
				CLANG_WARN_STRICT_PROTOTYPES = YES;
				CLANG_WARN_SUSPICIOUS_MOVE = YES;
				CLANG_WARN_UNGUARDED_AVAILABILITY = YES_AGGRESSIVE;
				CLANG_WARN_UNREACHABLE_CODE = YES;
				CLANG_WARN__DUPLICATE_METHOD_MATCH = YES;
				COPY_PHASE_STRIP = NO;
				DEBUG_INFORMATION_FORMAT = "dwarf-with-dsym";
				ENABLE_NS_ASSERTIONS = NO;
				ENABLE_STRICT_OBJC_MSGSEND = YES;
				GCC_C_LANGUAGE_STANDARD = gnu11;
				GCC_NO_COMMON_BLOCKS = YES;
				GCC_WARN_64_TO_32_BIT_CONVERSION = YES;
				GCC_WARN_ABOUT_RETURN_TYPE = YES_ERROR;
				GCC_WARN_UNDECLARED_SELECTOR = YES;
				GCC_WARN_UNINITIALIZED_AUTOS = YES_AGGRESSIVE;
				GCC_WARN_UNUSED_FUNCTION = YES;
				GCC_WARN_UNUSED_VARIABLE = YES;
				IPHONEOS_DEPLOYMENT_TARGET = 15.2;
				MTL_ENABLE_DEBUG_INFO = NO;
				MTL_FAST_MATH = YES;
				SDKROOT = iphoneos;
				SWIFT_COMPILATION_MODE = wholemodule;
				SWIFT_OPTIMIZATION_LEVEL = "-O";
				VALIDATE_PRODUCT = YES;
			};
			name = Release;
		};
		019E75DC27B2A8B200058722 /* Debug */ = {
			isa = XCBuildConfiguration;
			baseConfigurationReference = C1CBF8C84A9337B53E2CE9A3 /* Pods-Spotify.debug.xcconfig */;
			buildSettings = {
				ASSETCATALOG_COMPILER_APPICON_NAME = AppIcon;
				ASSETCATALOG_COMPILER_GLOBAL_ACCENT_COLOR_NAME = AccentColor;
				CODE_SIGN_STYLE = Automatic;
				CURRENT_PROJECT_VERSION = 1;
				DEVELOPMENT_TEAM = S83TL6GCMZ;
				GENERATE_INFOPLIST_FILE = YES;
				INFOPLIST_FILE = Spotify/Info.plist;
				INFOPLIST_KEY_UIApplicationSupportsIndirectInputEvents = YES;
				INFOPLIST_KEY_UILaunchStoryboardName = LaunchScreen;
				INFOPLIST_KEY_UISupportedInterfaceOrientations_iPad = "UIInterfaceOrientationPortrait UIInterfaceOrientationPortraitUpsideDown UIInterfaceOrientationLandscapeLeft UIInterfaceOrientationLandscapeRight";
				INFOPLIST_KEY_UISupportedInterfaceOrientations_iPhone = "UIInterfaceOrientationPortrait UIInterfaceOrientationLandscapeLeft UIInterfaceOrientationLandscapeRight";
				LD_RUNPATH_SEARCH_PATHS = (
					"$(inherited)",
					"@executable_path/Frameworks",
				);
				MARKETING_VERSION = 1.0;
				PRODUCT_BUNDLE_IDENTIFIER = com.dhanajitkapali.Spotify;
				PRODUCT_NAME = "$(TARGET_NAME)";
				SWIFT_EMIT_LOC_STRINGS = YES;
				SWIFT_VERSION = 5.0;
				TARGETED_DEVICE_FAMILY = "1,2";
			};
			name = Debug;
		};
		019E75DD27B2A8B200058722 /* Release */ = {
			isa = XCBuildConfiguration;
			baseConfigurationReference = 43952B9981E3CDB685730808 /* Pods-Spotify.release.xcconfig */;
			buildSettings = {
				ASSETCATALOG_COMPILER_APPICON_NAME = AppIcon;
				ASSETCATALOG_COMPILER_GLOBAL_ACCENT_COLOR_NAME = AccentColor;
				CODE_SIGN_STYLE = Automatic;
				CURRENT_PROJECT_VERSION = 1;
				DEVELOPMENT_TEAM = S83TL6GCMZ;
				GENERATE_INFOPLIST_FILE = YES;
				INFOPLIST_FILE = Spotify/Info.plist;
				INFOPLIST_KEY_UIApplicationSupportsIndirectInputEvents = YES;
				INFOPLIST_KEY_UILaunchStoryboardName = LaunchScreen;
				INFOPLIST_KEY_UISupportedInterfaceOrientations_iPad = "UIInterfaceOrientationPortrait UIInterfaceOrientationPortraitUpsideDown UIInterfaceOrientationLandscapeLeft UIInterfaceOrientationLandscapeRight";
				INFOPLIST_KEY_UISupportedInterfaceOrientations_iPhone = "UIInterfaceOrientationPortrait UIInterfaceOrientationLandscapeLeft UIInterfaceOrientationLandscapeRight";
				LD_RUNPATH_SEARCH_PATHS = (
					"$(inherited)",
					"@executable_path/Frameworks",
				);
				MARKETING_VERSION = 1.0;
				PRODUCT_BUNDLE_IDENTIFIER = com.dhanajitkapali.Spotify;
				PRODUCT_NAME = "$(TARGET_NAME)";
				SWIFT_EMIT_LOC_STRINGS = YES;
				SWIFT_VERSION = 5.0;
				TARGETED_DEVICE_FAMILY = "1,2";
			};
			name = Release;
		};
/* End XCBuildConfiguration section */

/* Begin XCConfigurationList section */
		019E75C227B2A8B000058722 /* Build configuration list for PBXProject "Spotify" */ = {
			isa = XCConfigurationList;
			buildConfigurations = (
				019E75D927B2A8B200058722 /* Debug */,
				019E75DA27B2A8B200058722 /* Release */,
			);
			defaultConfigurationIsVisible = 0;
			defaultConfigurationName = Release;
		};
		019E75DB27B2A8B200058722 /* Build configuration list for PBXNativeTarget "Spotify" */ = {
			isa = XCConfigurationList;
			buildConfigurations = (
				019E75DC27B2A8B200058722 /* Debug */,
				019E75DD27B2A8B200058722 /* Release */,
			);
			defaultConfigurationIsVisible = 0;
			defaultConfigurationName = Release;
		};
/* End XCConfigurationList section */
	};
	rootObject = 019E75BF27B2A8B000058722 /* Project object */;
}
